
Microsoft Visual Studio Solution File, Format Version 12.00
# Visual Studio Version 17
VisualStudioVersion = 17.8.34330.188
MinimumVisualStudioVersion = 10.0.40219.1
Project("{2150E333-8FDC-42A3-9474-1A3956D46DE8}") = "Frontend", "Frontend", "{444F10DF-6941-46D6-99CA-3AD92DB7FAF3}"
EndProject
Project("{2150E333-8FDC-42A3-9474-1A3956D46DE8}") = "Gateway", "Gateway", "{25E1AB50-20DB-4A8A-BE72-95AA844BA453}"
EndProject
Project("{2150E333-8FDC-42A3-9474-1A3956D46DE8}") = "Integration", "Integration", "{3E132BD5-2F43-45CE-A19E-5E4E338AC1B9}"
EndProject
Project("{2150E333-8FDC-42A3-9474-1A3956D46DE8}") = "Services", "Services", "{6EC9D482-692C-4C4C-8838-BB5B43351FAD}"
EndProject
Project("{FAE04EC0-301F-11D3-BF4B-00C04F79EFBC}") = "DealJunction.Services.PromotionAPI", "DealJunction.Services.PromotionAPI\DealJunction.Services.PromotionAPI.csproj", "{7C24170E-0635-4E3D-99ED-FA7157DBA0B2}"
EndProject
Global
	GlobalSection(SolutionConfigurationPlatforms) = preSolution
		Debug|Any CPU = Debug|Any CPU
		Release|Any CPU = Release|Any CPU
	EndGlobalSection
	GlobalSection(ProjectConfigurationPlatforms) = postSolution
		{7C24170E-0635-4E3D-99ED-FA7157DBA0B2}.Debug|Any CPU.ActiveCfg = Debug|Any CPU
		{7C24170E-0635-4E3D-99ED-FA7157DBA0B2}.Debug|Any CPU.Build.0 = Debug|Any CPU
		{7C24170E-0635-4E3D-99ED-FA7157DBA0B2}.Release|Any CPU.ActiveCfg = Release|Any CPU
		{7C24170E-0635-4E3D-99ED-FA7157DBA0B2}.Release|Any CPU.Build.0 = Release|Any CPU
	EndGlobalSection
	GlobalSection(SolutionProperties) = preSolution
		HideSolutionNode = FALSE
	EndGlobalSection
	GlobalSection(NestedProjects) = preSolution
		{7C24170E-0635-4E3D-99ED-FA7157DBA0B2} = {6EC9D482-692C-4C4C-8838-BB5B43351FAD}
	EndGlobalSection
	GlobalSection(ExtensibilityGlobals) = postSolution
		SolutionGuid = {C9BB08F7-F4C8-426C-84D5-95DAA73A1160}
	EndGlobalSection
EndGlobal
